// !$*UTF8*$!
{
	archiveVersion = 1;
	classes = {
	};
	objectVersion = 55;
	objects = {

/* Begin PBXBuildFile section */
		972536DE288D6FF100A1AA26 /* Keys.swift in Sources */ = {isa = PBXBuildFile; fileRef = 972536DD288D6FF100A1AA26 /* Keys.swift */; };
		972536E0288D70C000A1AA26 /* README.md in Resources */ = {isa = PBXBuildFile; fileRef = 972536DF288D70C000A1AA26 /* README.md */; };
		9745D6F02876F02B00AAA916 /* CoinManager.swift in Sources */ = {isa = PBXBuildFile; fileRef = 9745D6EF2876F02B00AAA916 /* CoinManager.swift */; };
		97EAC6CB28770BE500069F08 /* CoinData.swift in Sources */ = {isa = PBXBuildFile; fileRef = 97EAC6CA28770BE500069F08 /* CoinData.swift */; };
		97EAC6CD28770CEA00069F08 /* CoinModal.swift in Sources */ = {isa = PBXBuildFile; fileRef = 97EAC6CC28770CEA00069F08 /* CoinModal.swift */; };
		97F3CCB22876E8910030AD86 /* AppDelegate.swift in Sources */ = {isa = PBXBuildFile; fileRef = 97F3CCB12876E8910030AD86 /* AppDelegate.swift */; };
		97F3CCB42876E8910030AD86 /* SceneDelegate.swift in Sources */ = {isa = PBXBuildFile; fileRef = 97F3CCB32876E8910030AD86 /* SceneDelegate.swift */; };
		97F3CCB62876E8910030AD86 /* ViewController.swift in Sources */ = {isa = PBXBuildFile; fileRef = 97F3CCB52876E8910030AD86 /* ViewController.swift */; };
		97F3CCB92876E8910030AD86 /* Main.storyboard in Resources */ = {isa = PBXBuildFile; fileRef = 97F3CCB72876E8910030AD86 /* Main.storyboard */; };
		97F3CCBB2876E8910030AD86 /* Assets.xcassets in Resources */ = {isa = PBXBuildFile; fileRef = 97F3CCBA2876E8910030AD86 /* Assets.xcassets */; };
		97F3CCBE2876E8910030AD86 /* LaunchScreen.storyboard in Resources */ = {isa = PBXBuildFile; fileRef = 97F3CCBC2876E8910030AD86 /* LaunchScreen.storyboard */; };
/* End PBXBuildFile section */

/* Begin PBXFileReference section */
		972536DD288D6FF100A1AA26 /* Keys.swift */ = {isa = PBXFileReference; lastKnownFileType = sourcecode.swift; path = Keys.swift; sourceTree = "<group>"; };
		972536DF288D70C000A1AA26 /* README.md */ = {isa = PBXFileReference; fileEncoding = 4; lastKnownFileType = net.daringfireball.markdown; path = README.md; sourceTree = "<group>"; };
		9745D6EF2876F02B00AAA916 /* CoinManager.swift */ = {isa = PBXFileReference; lastKnownFileType = sourcecode.swift; path = CoinManager.swift; sourceTree = "<group>"; };
		97EAC6CA28770BE500069F08 /* CoinData.swift */ = {isa = PBXFileReference; lastKnownFileType = sourcecode.swift; path = CoinData.swift; sourceTree = "<group>"; };
		97EAC6CC28770CEA00069F08 /* CoinModal.swift */ = {isa = PBXFileReference; lastKnownFileType = sourcecode.swift; path = CoinModal.swift; sourceTree = "<group>"; };
		97F3CCAE2876E8910030AD86 /* ByteCoin.app */ = {isa = PBXFileReference; explicitFileType = wrapper.application; includeInIndex = 0; path = ByteCoin.app; sourceTree = BUILT_PRODUCTS_DIR; };
		97F3CCB12876E8910030AD86 /* AppDelegate.swift */ = {isa = PBXFileReference; lastKnownFileType = sourcecode.swift; path = AppDelegate.swift; sourceTree = "<group>"; };
		97F3CCB32876E8910030AD86 /* SceneDelegate.swift */ = {isa = PBXFileReference; lastKnownFileType = sourcecode.swift; path = SceneDelegate.swift; sourceTree = "<group>"; };
		97F3CCB52876E8910030AD86 /* ViewController.swift */ = {isa = PBXFileReference; lastKnownFileType = sourcecode.swift; path = ViewController.swift; sourceTree = "<group>"; };
		97F3CCB82876E8910030AD86 /* Base */ = {isa = PBXFileReference; lastKnownFileType = file.storyboard; name = Base; path = Base.lproj/Main.storyboard; sourceTree = "<group>"; };
		97F3CCBA2876E8910030AD86 /* Assets.xcassets */ = {isa = PBXFileReference; lastKnownFileType = folder.assetcatalog; path = Assets.xcassets; sourceTree = "<group>"; };
		97F3CCBD2876E8910030AD86 /* Base */ = {isa = PBXFileReference; lastKnownFileType = file.storyboard; name = Base; path = Base.lproj/LaunchScreen.storyboard; sourceTree = "<group>"; };
		97F3CCBF2876E8910030AD86 /* Info.plist */ = {isa = PBXFileReference; lastKnownFileType = text.plist.xml; path = Info.plist; sourceTree = "<group>"; };
/* End PBXFileReference section */

/* Begin PBXFrameworksBuildPhase section */
		97F3CCAB2876E8910030AD86 /* Frameworks */ = {
			isa = PBXFrameworksBuildPhase;
			buildActionMask = 2147483647;
			files = (
			);
			runOnlyForDeploymentPostprocessing = 0;
		};
/* End PBXFrameworksBuildPhase section */

/* Begin PBXGroup section */
		97F3CCA52876E8910030AD86 = {
			isa = PBXGroup;
			children = (
				972536DF288D70C000A1AA26 /* README.md */,
				97F3CCB02876E8910030AD86 /* ByteCoin */,
				97F3CCAF2876E8910030AD86 /* Products */,
			);
			sourceTree = "<group>";
		};
		97F3CCAF2876E8910030AD86 /* Products */ = {
			isa = PBXGroup;
			children = (
				97F3CCAE2876E8910030AD86 /* ByteCoin.app */,
			);
			name = Products;
			sourceTree = "<group>";
		};
		97F3CCB02876E8910030AD86 /* ByteCoin */ = {
			isa = PBXGroup;
			children = (
				97F3CCB12876E8910030AD86 /* AppDelegate.swift */,
				97F3CCB32876E8910030AD86 /* SceneDelegate.swift */,
				97F3CCC72876E8AC0030AD86 /* Model */,
				97F3CCC62876E8A00030AD86 /* Controller */,
				97F3CCC52876E89B0030AD86 /* View */,
				97F3CCBA2876E8910030AD86 /* Assets.xcassets */,
				97F3CCBC2876E8910030AD86 /* LaunchScreen.storyboard */,
				97F3CCBF2876E8910030AD86 /* Info.plist */,
			);
			path = ByteCoin;
			sourceTree = "<group>";
		};
		97F3CCC52876E89B0030AD86 /* View */ = {
			isa = PBXGroup;
			children = (
				97F3CCB72876E8910030AD86 /* Main.storyboard */,
			);
			path = View;
			sourceTree = "<group>";
		};
		97F3CCC62876E8A00030AD86 /* Controller */ = {
			isa = PBXGroup;
			children = (
				97F3CCB52876E8910030AD86 /* ViewController.swift */,
			);
			path = Controller;
			sourceTree = "<group>";
		};
		97F3CCC72876E8AC0030AD86 /* Model */ = {
			isa = PBXGroup;
			children = (
				9745D6EF2876F02B00AAA916 /* CoinManager.swift */,
				97EAC6CA28770BE500069F08 /* CoinData.swift */,
				97EAC6CC28770CEA00069F08 /* CoinModal.swift */,
				972536DD288D6FF100A1AA26 /* Keys.swift */,
			);
			path = Model;
			sourceTree = "<group>";
		};
/* End PBXGroup section */

/* Begin PBXNativeTarget section */
		97F3CCAD2876E8910030AD86 /* ByteCoin */ = {
			isa = PBXNativeTarget;
			buildConfigurationList = 97F3CCC22876E8910030AD86 /* Build configuration list for PBXNativeTarget "ByteCoin" */;
			buildPhases = (
				97F3CCAA2876E8910030AD86 /* Sources */,
				97F3CCAB2876E8910030AD86 /* Frameworks */,
				97F3CCAC2876E8910030AD86 /* Resources */,
			);
			buildRules = (
			);
			dependencies = (
			);
			name = ByteCoin;
			productName = ByteCoin;
			productReference = 97F3CCAE2876E8910030AD86 /* ByteCoin.app */;
			productType = "com.apple.product-type.application";
		};
/* End PBXNativeTarget section */

/* Begin PBXProject section */
		97F3CCA62876E8910030AD86 /* Project object */ = {
			isa = PBXProject;
			attributes = {
				BuildIndependentTargetsInParallel = 1;
				LastSwiftUpdateCheck = 1340;
				LastUpgradeCheck = 1340;
				TargetAttributes = {
					97F3CCAD2876E8910030AD86 = {
						CreatedOnToolsVersion = 13.4.1;
					};
				};
			};
			buildConfigurationList = 97F3CCA92876E8910030AD86 /* Build configuration list for PBXProject "ByteCoin" */;
			compatibilityVersion = "Xcode 13.0";
			developmentRegion = en;
			hasScannedForEncodings = 0;
			knownRegions = (
				en,
				Base,
			);
			mainGroup = 97F3CCA52876E8910030AD86;
			productRefGroup = 97F3CCAF2876E8910030AD86 /* Products */;
			projectDirPath = "";
			projectRoot = "";
			targets = (
				97F3CCAD2876E8910030AD86 /* ByteCoin */,
			);
		};
/* End PBXProject section */

/* Begin PBXResourcesBuildPhase section */
		97F3CCAC2876E8910030AD86 /* Resources */ = {
			isa = PBXResourcesBuildPhase;
			buildActionMask = 2147483647;
			files = (
				97F3CCBE2876E8910030AD86 /* LaunchScreen.storyboard in Resources */,
				97F3CCBB2876E8910030AD86 /* Assets.xcassets in Resources */,
				972536E0288D70C000A1AA26 /* README.md in Resources */,
				97F3CCB92876E8910030AD86 /* Main.storyboard in Resources */,
			);
			runOnlyForDeploymentPostprocessing = 0;
		};
/* End PBXResourcesBuildPhase section */

/* Begin PBXSourcesBuildPhase section */
		97F3CCAA2876E8910030AD86 /* Sources */ = {
			isa = PBXSourcesBuildPhase;
			buildActionMask = 2147483647;
			files = (
				9745D6F02876F02B00AAA916 /* CoinManager.swift in Sources */,
				97F3CCB62876E8910030AD86 /* ViewController.swift in Sources */,
				97EAC6CB28770BE500069F08 /* CoinData.swift in Sources */,
				97F3CCB22876E8910030AD86 /* AppDelegate.swift in Sources */,
				972536DE288D6FF100A1AA26 /* Keys.swift in Sources */,
				97EAC6CD28770CEA00069F08 /* CoinModal.swift in Sources */,
				97F3CCB42876E8910030AD86 /* SceneDelegate.swift in Sources */,
			);
			runOnlyForDeploymentPostprocessing = 0;
		};
/* End PBXSourcesBuildPhase section */

/* Begin PBXVariantGroup section */
		97F3CCB72876E8910030AD86 /* Main.storyboard */ = {
			isa = PBXVariantGroup;
			children = (
				97F3CCB82876E8910030AD86 /* Base */,
			);
			name = Main.storyboard;
			sourceTree = "<group>";
		};
		97F3CCBC2876E8910030AD86 /* LaunchScreen.storyboard */ = {
			isa = PBXVariantGroup;
			children = (
				97F3CCBD2876E8910030AD86 /* Base */,
			);
			name = LaunchScreen.storyboard;
			sourceTree = "<group>";
		};
/* End PBXVariantGroup section */

/* Begin XCBuildConfiguration section */
		97F3CCC02876E8910030AD86 /* Debug */ = {
			isa = XCBuildConfiguration;
			buildSettings = {
				ALWAYS_SEARCH_USER_PATHS = NO;
				CLANG_ANALYZER_NONNULL = YES;
				CLANG_ANALYZER_NUMBER_OBJECT_CONVERSION = YES_AGGRESSIVE;
				CLANG_CXX_LANGUAGE_STANDARD = "gnu++17";
				CLANG_ENABLE_MODULES = YES;
				CLANG_ENABLE_OBJC_ARC = YES;
				CLANG_ENABLE_OBJC_WEAK = YES;
				CLANG_WARN_BLOCK_CAPTURE_AUTORELEASING = YES;
				CLANG_WARN_BOOL_CONVERSION = YES;
				CLANG_WARN_COMMA = YES;
				CLANG_WARN_CONSTANT_CONVERSION = YES;
				CLANG_WARN_DEPRECATED_OBJC_IMPLEMENTATIONS = YES;
				CLANG_WARN_DIRECT_OBJC_ISA_USAGE = YES_ERROR;
				CLANG_WARN_DOCUMENTATION_COMMENTS = YES;
				CLANG_WARN_EMPTY_BODY = YES;
				CLANG_WARN_ENUM_CONVERSION = YES;
				CLANG_WARN_INFINITE_RECURSION = YES;
				CLANG_WARN_INT_CONVERSION = YES;
				CLANG_WARN_NON_LITERAL_NULL_CONVERSION = YES;
				CLANG_WARN_OBJC_IMPLICIT_RETAIN_SELF = YES;
				CLANG_WARN_OBJC_LITERAL_CONVERSION = YES;
				CLANG_WARN_OBJC_ROOT_CLASS = YES_ERROR;
				CLANG_WARN_QUOTED_INCLUDE_IN_FRAMEWORK_HEADER = YES;
				CLANG_WARN_RANGE_LOOP_ANALYSIS = YES;
				CLANG_WARN_STRICT_PROTOTYPES = YES;
				CLANG_WARN_SUSPICIOUS_MOVE = YES;
				CLANG_WARN_UNGUARDED_AVAILABILITY = YES_AGGRESSIVE;
				CLANG_WARN_UNREACHABLE_CODE = YES;
				CLANG_WARN__DUPLICATE_METHOD_MATCH = YES;
				COPY_PHASE_STRIP = NO;
				DEBUG_INFORMATION_FORMAT = dwarf;
				ENABLE_STRICT_OBJC_MSGSEND = YES;
				ENABLE_TESTABILITY = YES;
				GCC_C_LANGUAGE_STANDARD = gnu11;
				GCC_DYNAMIC_NO_PIC = NO;
				GCC_NO_COMMON_BLOCKS = YES;
				GCC_OPTIMIZATION_LEVEL = 0;
				GCC_PREPROCESSOR_DEFINITIONS = (
					"DEBUG=1",
					"$(inherited)",
				);
				GCC_WARN_64_TO_32_BIT_CONVERSION = YES;
				GCC_WARN_ABOUT_RETURN_TYPE = YES_ERROR;
				GCC_WARN_UNDECLARED_SELECTOR = YES;
				GCC_WARN_UNINITIALIZED_AUTOS = YES_AGGRESSIVE;
				GCC_WARN_UNUSED_FUNCTION = YES;
				GCC_WARN_UNUSED_VARIABLE = YES;
				IPHONEOS_DEPLOYMENT_TARGET = 15.5;
				MTL_ENABLE_DEBUG_INFO = INCLUDE_SOURCE;
				MTL_FAST_MATH = YES;
				ONLY_ACTIVE_ARCH = YES;
				SDKROOT = iphoneos;
				SWIFT_ACTIVE_COMPILATION_CONDITIONS = DEBUG;
				SWIFT_OPTIMIZATION_LEVEL = "-Onone";
			};
			name = Debug;
		};
		97F3CCC12876E8910030AD86 /* Release */ = {
			isa = XCBuildConfiguration;
			buildSettings = {
				ALWAYS_SEARCH_USER_PATHS = NO;
				CLANG_ANALYZER_NONNULL = YES;
				CLANG_ANALYZER_NUMBER_OBJECT_CONVERSION = YES_AGGRESSIVE;
				CLANG_CXX_LANGUAGE_STANDARD = "gnu++17";
				CLANG_ENABLE_MODULES = YES;
				CLANG_ENABLE_OBJC_ARC = YES;
				CLANG_ENABLE_OBJC_WEAK = YES;
				CLANG_WARN_BLOCK_CAPTURE_AUTORELEASING = YES;
				CLANG_WARN_BOOL_CONVERSION = YES;
				CLANG_WARN_COMMA = YES;
				CLANG_WARN_CONSTANT_CONVERSION = YES;
				CLANG_WARN_DEPRECATED_OBJC_IMPLEMENTATIONS = YES;
				CLANG_WARN_DIRECT_OBJC_ISA_USAGE = YES_ERROR;
				CLANG_WARN_DOCUMENTATION_COMMENTS = YES;
				CLANG_WARN_EMPTY_BODY = YES;
				CLANG_WARN_ENUM_CONVERSION = YES;
				CLANG_WARN_INFINITE_RECURSION = YES;
				CLANG_WARN_INT_CONVERSION = YES;
				CLANG_WARN_NON_LITERAL_NULL_CONVERSION = YES;
				CLANG_WARN_OBJC_IMPLICIT_RETAIN_SELF = YES;
				CLANG_WARN_OBJC_LITERAL_CONVERSION = YES;
				CLANG_WARN_OBJC_ROOT_CLASS = YES_ERROR;
				CLANG_WARN_QUOTED_INCLUDE_IN_FRAMEWORK_HEADER = YES;
				CLANG_WARN_RANGE_LOOP_ANALYSIS = YES;
				CLANG_WARN_STRICT_PROTOTYPES = YES;
				CLANG_WARN_SUSPICIOUS_MOVE = YES;
				CLANG_WARN_UNGUARDED_AVAILABILITY = YES_AGGRESSIVE;
				CLANG_WARN_UNREACHABLE_CODE = YES;
				CLANG_WARN__DUPLICATE_METHOD_MATCH = YES;
				COPY_PHASE_STRIP = NO;
				DEBUG_INFORMATION_FORMAT = "dwarf-with-dsym";
				ENABLE_NS_ASSERTIONS = NO;
				ENABLE_STRICT_OBJC_MSGSEND = YES;
				GCC_C_LANGUAGE_STANDARD = gnu11;
				GCC_NO_COMMON_BLOCKS = YES;
				GCC_WARN_64_TO_32_BIT_CONVERSION = YES;
				GCC_WARN_ABOUT_RETURN_TYPE = YES_ERROR;
				GCC_WARN_UNDECLARED_SELECTOR = YES;
				GCC_WARN_UNINITIALIZED_AUTOS = YES_AGGRESSIVE;
				GCC_WARN_UNUSED_FUNCTION = YES;
				GCC_WARN_UNUSED_VARIABLE = YES;
				IPHONEOS_DEPLOYMENT_TARGET = 15.5;
				MTL_ENABLE_DEBUG_INFO = NO;
				MTL_FAST_MATH = YES;
				SDKROOT = iphoneos;
				SWIFT_COMPILATION_MODE = wholemodule;
				SWIFT_OPTIMIZATION_LEVEL = "-O";
				VALIDATE_PRODUCT = YES;
			};
			name = Release;
		};
		97F3CCC32876E8910030AD86 /* Debug */ = {
			isa = XCBuildConfiguration;
			buildSettings = {
				ASSETCATALOG_COMPILER_APPICON_NAME = AppIcon;
				ASSETCATALOG_COMPILER_GLOBAL_ACCENT_COLOR_NAME = AccentColor;
				CODE_SIGN_STYLE = Automatic;
				CURRENT_PROJECT_VERSION = 1;
				GENERATE_INFOPLIST_FILE = YES;
				INFOPLIST_FILE = ByteCoin/Info.plist;
				INFOPLIST_KEY_UIApplicationSupportsIndirectInputEvents = YES;
				INFOPLIST_KEY_UILaunchStoryboardName = LaunchScreen;
				INFOPLIST_KEY_UIMainStoryboardFile = Main;
				INFOPLIST_KEY_UISupportedInterfaceOrientations_iPad = "UIInterfaceOrientationPortrait UIInterfaceOrientationPortraitUpsideDown UIInterfaceOrientationLandscapeLeft UIInterfaceOrientationLandscapeRight";
				INFOPLIST_KEY_UISupportedInterfaceOrientations_iPhone = "UIInterfaceOrientationPortrait UIInterfaceOrientationLandscapeLeft UIInterfaceOrientationLandscapeRight";
				LD_RUNPATH_SEARCH_PATHS = (
					"$(inherited)",
					"@executable_path/Frameworks",
				);
				MARKETING_VERSION = 1.0;
				PRODUCT_BUNDLE_IDENTIFIER = info.ByteCoin;
				PRODUCT_NAME = "$(TARGET_NAME)";
				SWIFT_EMIT_LOC_STRINGS = YES;
				SWIFT_VERSION = 5.0;
				TARGETED_DEVICE_FAMILY = "1,2";
			};
			name = Debug;
		};
		97F3CCC42876E8910030AD86 /* Release */ = {
			isa = XCBuildConfiguration;
			buildSettings = {
				ASSETCATALOG_COMPILER_APPICON_NAME = AppIcon;
				ASSETCATALOG_COMPILER_GLOBAL_ACCENT_COLOR_NAME = AccentColor;
				CODE_SIGN_STYLE = Automatic;
				CURRENT_PROJECT_VERSION = 1;
				GENERATE_INFOPLIST_FILE = YES;
				INFOPLIST_FILE = ByteCoin/Info.plist;
				INFOPLIST_KEY_UIApplicationSupportsIndirectInputEvents = YES;
				INFOPLIST_KEY_UILaunchStoryboardName = LaunchScreen;
				INFOPLIST_KEY_UIMainStoryboardFile = Main;
				INFOPLIST_KEY_UISupportedInterfaceOrientations_iPad = "UIInterfaceOrientationPortrait UIInterfaceOrientationPortraitUpsideDown UIInterfaceOrientationLandscapeLeft UIInterfaceOrientationLandscapeRight";
				INFOPLIST_KEY_UISupportedInterfaceOrientations_iPhone = "UIInterfaceOrientationPortrait UIInterfaceOrientationLandscapeLeft UIInterfaceOrientationLandscapeRight";
				LD_RUNPATH_SEARCH_PATHS = (
					"$(inherited)",
					"@executable_path/Frameworks",
				);
				MARKETING_VERSION = 1.0;
				PRODUCT_BUNDLE_IDENTIFIER = info.ByteCoin;
				PRODUCT_NAME = "$(TARGET_NAME)";
				SWIFT_EMIT_LOC_STRINGS = YES;
				SWIFT_VERSION = 5.0;
				TARGETED_DEVICE_FAMILY = "1,2";
			};
			name = Release;
		};
/* End XCBuildConfiguration section */

/* Begin XCConfigurationList section */
		97F3CCA92876E8910030AD86 /* Build configuration list for PBXProject "ByteCoin" */ = {
			isa = XCConfigurationList;
			buildConfigurations = (
				97F3CCC02876E8910030AD86 /* Debug */,
				97F3CCC12876E8910030AD86 /* Release */,
			);
			defaultConfigurationIsVisible = 0;
			defaultConfigurationName = Release;
		};
		97F3CCC22876E8910030AD86 /* Build configuration list for PBXNativeTarget "ByteCoin" */ = {
			isa = XCConfigurationList;
			buildConfigurations = (
				97F3CCC32876E8910030AD86 /* Debug */,
				97F3CCC42876E8910030AD86 /* Release */,
			);
			defaultConfigurationIsVisible = 0;
			defaultConfigurationName = Release;
		};
/* End XCConfigurationList section */
	};
	rootObject = 97F3CCA62876E8910030AD86 /* Project object */;
}
